PODS:
  - CocoaLumberjack (2.2.0):
    - CocoaLumberjack/Default (= 2.2.0)
    - CocoaLumberjack/Extensions (= 2.2.0)
  - CocoaLumberjack/Core (2.2.0)
  - CocoaLumberjack/Default (2.2.0):
    - CocoaLumberjack/Core
  - CocoaLumberjack/Extensions (2.2.0):
    - CocoaLumberjack/Default
  - CryptoSwift (0.2.2)
  - PubNub (4.2.4):
    - CocoaLumberjack (= 2.2.0)
    - PubNub/Core (= 4.2.4)
  - PubNub/Core (4.2.4):
    - CocoaLumberjack (= 2.2.0)
  - ringcentral (1.0.0):
    - CryptoSwift
    - PubNub (~> 4.0)
  - SwiftyJSON (2.3.2)

DEPENDENCIES:
  - ringcentral (from `https://github.com/anilkumarbp/ringcentral-swiftv2.0.git`)
  - SwiftyJSON

EXTERNAL SOURCES:
  ringcentral:
    :git: https://github.com/anilkumarbp/ringcentral-swiftv2.0.git

CHECKOUT OPTIONS:
  ringcentral:
    :commit: 1915c2591b58e2eda502e94a3f7f203d7acf4151
    :git: https://github.com/anilkumarbp/ringcentral-swiftv2.0.git

SPEC CHECKSUMS:
  CocoaLumberjack: 17fe8581f84914d5d7e6360f7c70022b173c3ae0
  CryptoSwift: d382228d6301c09474132417878a741c2a2e68cd
  PubNub: 2e5045d9140d289d41673388b8af615739e8660c
  ringcentral: efe2b2aa1af3e0f68f49c9546c208c8653abdc5d
  SwiftyJSON: 04ccea08915aa0109039157c7974cf0298da292a

COCOAPODS: 0.39.0
